PODS:
  - Flurry-iOS-SDK/CrashReporter (12.1.1)
  - Flurry-iOS-SDK/FlurrySDK (12.1.1):
    - Flurry-iOS-SDK/CrashReporter

DEPENDENCIES:
  - Flurry-iOS-SDK/FlurrySDK

SPEC REPOS:
  trunk:
    - Flurry-iOS-SDK

SPEC CHECKSUMS:
  Flurry-iOS-SDK: 2ae2391515ae3248a63e95a397c1b393ae52b3a9

PODFILE CHECKSUM: 3e4f482ab2b7fcd69e03b6d690715764813b9a67

COCOAPODS: 1.11.3
