// !$*UTF8*$!
{
	archiveVersion = 1;
	classes = {
	};
	objectVersion = 50;
	objects = {

/* Begin PBXBuildFile section */
		02FFC5E0ADD92B01F48A4903 /* Pods_FlurryCoreAnalyticsSampleApp_Swift.framework in Frameworks */ = {isa = PBXBuildFile; fileRef = 47644E6BD72074CFA186C07B /* Pods_FlurryCoreAnalyticsSampleApp_Swift.framework */; };
		7602E30F216289500094FF20 /* SessionOriginTableViewController.swift in Sources */ = {isa = PBXBuildFile; fileRef = 7602E30E216289500094FF20 /* SessionOriginTableViewController.swift */; };
		7602E3112162896C0094FF20 /* LogErrorTableViewController.swift in Sources */ = {isa = PBXBuildFile; fileRef = 7602E3102162896C0094FF20 /* LogErrorTableViewController.swift */; };
		7602E313216289820094FF20 /* LogEventTableViewController.swift in Sources */ = {isa = PBXBuildFile; fileRef = 7602E312216289820094FF20 /* LogEventTableViewController.swift */; };
		7602E315216289A30094FF20 /* SettingViewController.swift in Sources */ = {isa = PBXBuildFile; fileRef = 7602E314216289A30094FF20 /* SettingViewController.swift */; };
		7602E317216289C50094FF20 /* InfoTableViewController.swift in Sources */ = {isa = PBXBuildFile; fileRef = 7602E316216289C50094FF20 /* InfoTableViewController.swift */; };
		767BEB32215ECA7D001A8E75 /* FlurryCoreConfig.plist in Resources */ = {isa = PBXBuildFile; fileRef = 767BEB31215ECA7D001A8E75 /* FlurryCoreConfig.plist */; };
		767BEB34215ECAE9001A8E75 /* FlurryCoreConfiguration.swift in Sources */ = {isa = PBXBuildFile; fileRef = 767BEB33215ECAE9001A8E75 /* FlurryCoreConfiguration.swift */; };
		76E25A9B215EACCA00E130B3 /* AppDelegate.swift in Sources */ = {isa = PBXBuildFile; fileRef = 76E25A9A215EACCA00E130B3 /* AppDelegate.swift */; };
		76E25A9D215EACCA00E130B3 /* ViewController.swift in Sources */ = {isa = PBXBuildFile; fileRef = 76E25A9C215EACCA00E130B3 /* ViewController.swift */; };
		76E25AA0215EACCA00E130B3 /* Main.storyboard in Resources */ = {isa = PBXBuildFile; fileRef = 76E25A9E215EACCA00E130B3 /* Main.storyboard */; };
		76E25AA2215EACCB00E130B3 /* Assets.xcassets in Resources */ = {isa = PBXBuildFile; fileRef = 76E25AA1215EACCB00E130B3 /* Assets.xcassets */; };
		76E25AA5215EACCB00E130B3 /* LaunchScreen.storyboard in Resources */ = {isa = PBXBuildFile; fileRef = 76E25AA3215EACCB00E130B3 /* LaunchScreen.storyboard */; };
/* End PBXBuildFile section */

/* Begin PBXFileReference section */
		47644E6BD72074CFA186C07B /* Pods_FlurryCoreAnalyticsSampleApp_Swift.framework */ = {isa = PBXFileReference; explicitFileType = wrapper.framework; includeInIndex = 0; path = Pods_FlurryCoreAnalyticsSampleApp_Swift.framework; sourceTree = BUILT_PRODUCTS_DIR; };
		7602E30E216289500094FF20 /* SessionOriginTableViewController.swift */ = {isa = PBXFileReference; lastKnownFileType = sourcecode.swift; path = SessionOriginTableViewController.swift; sourceTree = "<group>"; };
		7602E3102162896C0094FF20 /* LogErrorTableViewController.swift */ = {isa = PBXFileReference; lastKnownFileType = sourcecode.swift; path = LogErrorTableViewController.swift; sourceTree = "<group>"; };
		7602E312216289820094FF20 /* LogEventTableViewController.swift */ = {isa = PBXFileReference; lastKnownFileType = sourcecode.swift; path = LogEventTableViewController.swift; sourceTree = "<group>"; };
		7602E314216289A30094FF20 /* SettingViewController.swift */ = {isa = PBXFileReference; lastKnownFileType = sourcecode.swift; path = SettingViewController.swift; sourceTree = "<group>"; };
		7602E316216289C50094FF20 /* InfoTableViewController.swift */ = {isa = PBXFileReference; lastKnownFileType = sourcecode.swift; path = InfoTableViewController.swift; sourceTree = "<group>"; };
		767BEB31215ECA7D001A8E75 /* FlurryCoreConfig.plist */ = {isa = PBXFileReference; lastKnownFileType = text.plist.xml; path = FlurryCoreConfig.plist; sourceTree = "<group>"; };
		767BEB33215ECAE9001A8E75 /* FlurryCoreConfiguration.swift */ = {isa = PBXFileReference; lastKnownFileType = sourcecode.swift; path = FlurryCoreConfiguration.swift; sourceTree = "<group>"; };
		76E25A97215EACCA00E130B3 /* FlurryCoreAnalyticsSampleApp_Swift.app */ = {isa = PBXFileReference; explicitFileType = wrapper.application; includeInIndex = 0; path = FlurryCoreAnalyticsSampleApp_Swift.app; sourceTree = BUILT_PRODUCTS_DIR; };
		76E25A9A215EACCA00E130B3 /* AppDelegate.swift */ = {isa = PBXFileReference; lastKnownFileType = sourcecode.swift; path = AppDelegate.swift; sourceTree = "<group>"; };
		76E25A9C215EACCA00E130B3 /* ViewController.swift */ = {isa = PBXFileReference; lastKnownFileType = sourcecode.swift; path = ViewController.swift; sourceTree = "<group>"; };
		76E25A9F215EACCA00E130B3 /* Base */ = {isa = PBXFileReference; lastKnownFileType = file.storyboard; name = Base; path = Base.lproj/Main.storyboard; sourceTree = "<group>"; };
		76E25AA1215EACCB00E130B3 /* Assets.xcassets */ = {isa = PBXFileReference; lastKnownFileType = folder.assetcatalog; path = Assets.xcassets; sourceTree = "<group>"; };
		76E25AA4215EACCB00E130B3 /* Base */ = {isa = PBXFileReference; lastKnownFileType = file.storyboard; name = Base; path = Base.lproj/LaunchScreen.storyboard; sourceTree = "<group>"; };
		76E25AA6215EACCB00E130B3 /* Info.plist */ = {isa = PBXFileReference; lastKnownFileType = text.plist.xml; path = Info.plist; sourceTree = "<group>"; };
		EC677087B650B4349859C38E /* Pods-FlurryCoreAnalyticsSampleApp_Swift.release.xcconfig */ = {isa = PBXFileReference; includeInIndex = 1; lastKnownFileType = text.xcconfig; name = "Pods-FlurryCoreAnalyticsSampleApp_Swift.release.xcconfig"; path = "Pods/Target Support Files/Pods-FlurryCoreAnalyticsSampleApp_Swift/Pods-FlurryCoreAnalyticsSampleApp_Swift.release.xcconfig"; sourceTree = "<group>"; };
		EDCBCAA1D12501CFEFCDE0E3 /* Pods-FlurryCoreAnalyticsSampleApp_Swift.debug.xcconfig */ = {isa = PBXFileReference; includeInIndex = 1; lastKnownFileType = text.xcconfig; name = "Pods-FlurryCoreAnalyticsSampleApp_Swift.debug.xcconfig"; path = "Pods/Target Support Files/Pods-FlurryCoreAnalyticsSampleApp_Swift/Pods-FlurryCoreAnalyticsSampleApp_Swift.debug.xcconfig"; sourceTree = "<group>"; };
/* End PBXFileReference section */

/* Begin PBXFrameworksBuildPhase section */
		76E25A94215EACCA00E130B3 /* Frameworks */ = {
			isa = PBXFrameworksBuildPhase;
			buildActionMask = 2147483647;
			files = (
				02FFC5E0ADD92B01F48A4903 /* Pods_FlurryCoreAnalyticsSampleApp_Swift.framework in Frameworks */,
			);
			runOnlyForDeploymentPostprocessing = 0;
		};
/* End PBXFrameworksBuildPhase section */

/* Begin PBXGroup section */
		56F69C372F4194EC8E8C29A3 /* Pods */ = {
			isa = PBXGroup;
			children = (
				EDCBCAA1D12501CFEFCDE0E3 /* Pods-FlurryCoreAnalyticsSampleApp_Swift.debug.xcconfig */,
				EC677087B650B4349859C38E /* Pods-FlurryCoreAnalyticsSampleApp_Swift.release.xcconfig */,
			);
			name = Pods;
			sourceTree = "<group>";
		};
		76E25A8E215EACCA00E130B3 = {
			isa = PBXGroup;
			children = (
				76E25A99215EACCA00E130B3 /* FlurryCoreAnalyticsSampleApp_Swift */,
				76E25A98215EACCA00E130B3 /* Products */,
				56F69C372F4194EC8E8C29A3 /* Pods */,
				A547EF8994FEFEB3E9CE0390 /* Frameworks */,
			);
			sourceTree = "<group>";
		};
		76E25A98215EACCA00E130B3 /* Products */ = {
			isa = PBXGroup;
			children = (
				76E25A97215EACCA00E130B3 /* FlurryCoreAnalyticsSampleApp_Swift.app */,
			);
			name = Products;
			sourceTree = "<group>";
		};
		76E25A99215EACCA00E130B3 /* FlurryCoreAnalyticsSampleApp_Swift */ = {
			isa = PBXGroup;
			children = (
				76E25A9A215EACCA00E130B3 /* AppDelegate.swift */,
				76E25A9C215EACCA00E130B3 /* ViewController.swift */,
				76E25A9E215EACCA00E130B3 /* Main.storyboard */,
				767BEB31215ECA7D001A8E75 /* FlurryCoreConfig.plist */,
				767BEB33215ECAE9001A8E75 /* FlurryCoreConfiguration.swift */,
				7602E30E216289500094FF20 /* SessionOriginTableViewController.swift */,
				7602E3102162896C0094FF20 /* LogErrorTableViewController.swift */,
				7602E312216289820094FF20 /* LogEventTableViewController.swift */,
				7602E314216289A30094FF20 /* SettingViewController.swift */,
				7602E316216289C50094FF20 /* InfoTableViewController.swift */,
				76E25AA1215EACCB00E130B3 /* Assets.xcassets */,
				76E25AA3215EACCB00E130B3 /* LaunchScreen.storyboard */,
				76E25AA6215EACCB00E130B3 /* Info.plist */,
			);
			path = FlurryCoreAnalyticsSampleApp_Swift;
			sourceTree = "<group>";
		};
		A547EF8994FEFEB3E9CE0390 /* Frameworks */ = {
			isa = PBXGroup;
			children = (
				47644E6BD72074CFA186C07B /* Pods_FlurryCoreAnalyticsSampleApp_Swift.framework */,
			);
			name = Frameworks;
			sourceTree = "<group>";
		};
/* End PBXGroup section */

/* Begin PBXNativeTarget section */
		76E25A96215EACCA00E130B3 /* FlurryCoreAnalyticsSampleApp_Swift */ = {
			isa = PBXNativeTarget;
			buildConfigurationList = 76E25AA9215EACCB00E130B3 /* Build configuration list for PBXNativeTarget "FlurryCoreAnalyticsSampleApp_Swift" */;
			buildPhases = (
				4B1997EBA5A89ACEC5E7DD20 /* [CP] Check Pods Manifest.lock */,
				76E25A93215EACCA00E130B3 /* Sources */,
				76E25A94215EACCA00E130B3 /* Frameworks */,
				76E25A95215EACCA00E130B3 /* Resources */,
				457FF4756D7895FF4B86501A /* [CP] Embed Pods Frameworks */,
			);
			buildRules = (
			);
			dependencies = (
			);
			name = FlurryCoreAnalyticsSampleApp_Swift;
			productName = FlurryCoreAnalyticsSampleApp_Swift;
			productReference = 76E25A97215EACCA00E130B3 /* FlurryCoreAnalyticsSampleApp_Swift.app */;
			productType = "com.apple.product-type.application";
		};
/* End PBXNativeTarget section */

/* Begin PBXProject section */
		76E25A8F215EACCA00E130B3 /* Project object */ = {
			isa = PBXProject;
			attributes = {
				LastSwiftUpdateCheck = 0940;
				LastUpgradeCheck = 0940;
				ORGANIZATIONNAME = Flurry;
				TargetAttributes = {
					76E25A96215EACCA00E130B3 = {
						CreatedOnToolsVersion = 9.4.1;
					};
				};
			};
			buildConfigurationList = 76E25A92215EACCA00E130B3 /* Build configuration list for PBXProject "FlurryCoreAnalyticsSampleApp_Swift" */;
			compatibilityVersion = "Xcode 9.3";
			developmentRegion = en;
			hasScannedForEncodings = 0;
			knownRegions = (
				en,
				Base,
			);
			mainGroup = 76E25A8E215EACCA00E130B3;
			productRefGroup = 76E25A98215EACCA00E130B3 /* Products */;
			projectDirPath = "";
			projectRoot = "";
			targets = (
				76E25A96215EACCA00E130B3 /* FlurryCoreAnalyticsSampleApp_Swift */,
			);
		};
/* End PBXProject section */

/* Begin PBXResourcesBuildPhase section */
		76E25A95215EACCA00E130B3 /* Resources */ = {
			isa = PBXResourcesBuildPhase;
			buildActionMask = 2147483647;
			files = (
				76E25AA5215EACCB00E130B3 /* LaunchScreen.storyboard in Resources */,
				76E25AA2215EACCB00E130B3 /* Assets.xcassets in Resources */,
				76E25AA0215EACCA00E130B3 /* Main.storyboard in Resources */,
				767BEB32215ECA7D001A8E75 /* FlurryCoreConfig.plist in Resources */,
			);
			runOnlyForDeploymentPostprocessing = 0;
		};
/* End PBXResourcesBuildPhase section */

/* Begin PBXShellScriptBuildPhase section */
		457FF4756D7895FF4B86501A /* [CP] Embed Pods Frameworks */ = {
			isa = PBXShellScriptBuildPhase;
			buildActionMask = 2147483647;
			files = (
			);
			inputPaths = (
				"${SRCROOT}/Pods/Target Support Files/Pods-FlurryCoreAnalyticsSampleApp_Swift/Pods-FlurryCoreAnalyticsSampleApp_Swift-frameworks.sh",
				"${BUILT_PRODUCTS_DIR}/Flurry-iOS-SDK/Flurry_iOS_SDK.framework",
			);
			name = "[CP] Embed Pods Frameworks";
			outputPaths = (
				"${TARGET_BUILD_DIR}/${FRAMEWORKS_FOLDER_PATH}/Flurry_iOS_SDK.framework",
			);
			runOnlyForDeploymentPostprocessing = 0;
			shellPath = /bin/sh;
			shellScript = "\"${SRCROOT}/Pods/Target Support Files/Pods-FlurryCoreAnalyticsSampleApp_Swift/Pods-FlurryCoreAnalyticsSampleApp_Swift-frameworks.sh\"\n";
			showEnvVarsInLog = 0;
		};
		4B1997EBA5A89ACEC5E7DD20 /* [CP] Check Pods Manifest.lock */ = {
			isa = PBXShellScriptBuildPhase;
			buildActionMask = 2147483647;
			files = (
			);
			inputPaths = (
				"${PODS_PODFILE_DIR_PATH}/Podfile.lock",
				"${PODS_ROOT}/Manifest.lock",
			);
			name = "[CP] Check Pods Manifest.lock";
			outputPaths = (
				"$(DERIVED_FILE_DIR)/Pods-FlurryCoreAnalyticsSampleApp_Swift-checkManifestLockResult.txt",
			);
			runOnlyForDeploymentPostprocessing = 0;
			shellPath = /bin/sh;
			shellScript = "diff \"${PODS_PODFILE_DIR_PATH}/Podfile.lock\" \"${PODS_ROOT}/Manifest.lock\" > /dev/null\nif [ $? != 0 ] ; then\n    # print error to STDERR\n    echo \"error: The sandbox is not in sync with the Podfile.lock. Run 'pod install' or update your CocoaPods installation.\" >&2\n    exit 1\nfi\n# This output is used by Xcode 'outputs' to avoid re-running this script phase.\necho \"SUCCESS\" > \"${SCRIPT_OUTPUT_FILE_0}\"\n";
			showEnvVarsInLog = 0;
		};
/* End PBXShellScriptBuildPhase section */

/* Begin PBXSourcesBuildPhase section */
		76E25A93215EACCA00E130B3 /* Sources */ = {
			isa = PBXSourcesBuildPhase;
			buildActionMask = 2147483647;
			files = (
				7602E30F216289500094FF20 /* SessionOriginTableViewController.swift in Sources */,
				7602E313216289820094FF20 /* LogEventTableViewController.swift in Sources */,
				7602E3112162896C0094FF20 /* LogErrorTableViewController.swift in Sources */,
				7602E317216289C50094FF20 /* InfoTableViewController.swift in Sources */,
				76E25A9D215EACCA00E130B3 /* ViewController.swift in Sources */,
				767BEB34215ECAE9001A8E75 /* FlurryCoreConfiguration.swift in Sources */,
				7602E315216289A30094FF20 /* SettingViewController.swift in Sources */,
				76E25A9B215EACCA00E130B3 /* AppDelegate.swift in Sources */,
			);
			runOnlyForDeploymentPostprocessing = 0;
		};
/* End PBXSourcesBuildPhase section */

/* Begin PBXVariantGroup section */
		76E25A9E215EACCA00E130B3 /* Main.storyboard */ = {
			isa = PBXVariantGroup;
			children = (
				76E25A9F215EACCA00E130B3 /* Base */,
			);
			name = Main.storyboard;
			sourceTree = "<group>";
		};
		76E25AA3215EACCB00E130B3 /* LaunchScreen.storyboard */ = {
			isa = PBXVariantGroup;
			children = (
				76E25AA4215EACCB00E130B3 /* Base */,
			);
			name = LaunchScreen.storyboard;
			sourceTree = "<group>";
		};
/* End PBXVariantGroup section */

/* Begin XCBuildConfiguration section */
		76E25AA7215EACCB00E130B3 /* Debug */ = {
			isa = XCBuildConfiguration;
			buildSettings = {
				ALWAYS_SEARCH_USER_PATHS = NO;
				CLANG_ANALYZER_NONNULL = YES;
				CLANG_ANALYZER_NUMBER_OBJECT_CONVERSION = YES_AGGRESSIVE;
				CLANG_CXX_LANGUAGE_STANDARD = "gnu++14";
				CLANG_CXX_LIBRARY = "libc++";
				CLANG_ENABLE_MODULES = YES;
				CLANG_ENABLE_OBJC_ARC = YES;
				CLANG_ENABLE_OBJC_WEAK = YES;
				CLANG_WARN_BLOCK_CAPTURE_AUTORELEASING = YES;
				CLANG_WARN_BOOL_CONVERSION = YES;
				CLANG_WARN_COMMA = YES;
				CLANG_WARN_CONSTANT_CONVERSION = YES;
				CLANG_WARN_DEPRECATED_OBJC_IMPLEMENTATIONS = YES;
				CLANG_WARN_DIRECT_OBJC_ISA_USAGE = YES_ERROR;
				CLANG_WARN_DOCUMENTATION_COMMENTS = YES;
				CLANG_WARN_EMPTY_BODY = YES;
				CLANG_WARN_ENUM_CONVERSION = YES;
				CLANG_WARN_INFINITE_RECURSION = YES;
				CLANG_WARN_INT_CONVERSION = YES;
				CLANG_WARN_NON_LITERAL_NULL_CONVERSION = YES;
				CLANG_WARN_OBJC_IMPLICIT_RETAIN_SELF = YES;
				CLANG_WARN_OBJC_LITERAL_CONVERSION = YES;
				CLANG_WARN_OBJC_ROOT_CLASS = YES_ERROR;
				CLANG_WARN_RANGE_LOOP_ANALYSIS = YES;
				CLANG_WARN_STRICT_PROTOTYPES = YES;
				CLANG_WARN_SUSPICIOUS_MOVE = YES;
				CLANG_WARN_UNGUARDED_AVAILABILITY = YES_AGGRESSIVE;
				CLANG_WARN_UNREACHABLE_CODE = YES;
				CLANG_WARN__DUPLICATE_METHOD_MATCH = YES;
				CODE_SIGN_IDENTITY = "iPhone Developer";
				COPY_PHASE_STRIP = NO;
				DEBUG_INFORMATION_FORMAT = dwarf;
				ENABLE_STRICT_OBJC_MSGSEND = YES;
				ENABLE_TESTABILITY = YES;
				GCC_C_LANGUAGE_STANDARD = gnu11;
				GCC_DYNAMIC_NO_PIC = NO;
				GCC_NO_COMMON_BLOCKS = YES;
				GCC_OPTIMIZATION_LEVEL = 0;
				GCC_PREPROCESSOR_DEFINITIONS = (
					"DEBUG=1",
					"$(inherited)",
				);
				GCC_WARN_64_TO_32_BIT_CONVERSION = YES;
				GCC_WARN_ABOUT_RETURN_TYPE = YES_ERROR;
				GCC_WARN_UNDECLARED_SELECTOR = YES;
				GCC_WARN_UNINITIALIZED_AUTOS = YES_AGGRESSIVE;
				GCC_WARN_UNUSED_FUNCTION = YES;
				GCC_WARN_UNUSED_VARIABLE = YES;
				IPHONEOS_DEPLOYMENT_TARGET = 11.4;
				MTL_ENABLE_DEBUG_INFO = YES;
				ONLY_ACTIVE_ARCH = YES;
				SDKROOT = iphoneos;
				SWIFT_ACTIVE_COMPILATION_CONDITIONS = DEBUG;
				SWIFT_OPTIMIZATION_LEVEL = "-Onone";
			};
			name = Debug;
		};
		76E25AA8215EACCB00E130B3 /* Release */ = {
			isa = XCBuildConfiguration;
			buildSettings = {
				ALWAYS_SEARCH_USER_PATHS = NO;
				CLANG_ANALYZER_NONNULL = YES;
				CLANG_ANALYZER_NUMBER_OBJECT_CONVERSION = YES_AGGRESSIVE;
				CLANG_CXX_LANGUAGE_STANDARD = "gnu++14";
				CLANG_CXX_LIBRARY = "libc++";
				CLANG_ENABLE_MODULES = YES;
				CLANG_ENABLE_OBJC_ARC = YES;
				CLANG_ENABLE_OBJC_WEAK = YES;
				CLANG_WARN_BLOCK_CAPTURE_AUTORELEASING = YES;
				CLANG_WARN_BOOL_CONVERSION = YES;
				CLANG_WARN_COMMA = YES;
				CLANG_WARN_CONSTANT_CONVERSION = YES;
				CLANG_WARN_DEPRECATED_OBJC_IMPLEMENTATIONS = YES;
				CLANG_WARN_DIRECT_OBJC_ISA_USAGE = YES_ERROR;
				CLANG_WARN_DOCUMENTATION_COMMENTS = YES;
				CLANG_WARN_EMPTY_BODY = YES;
				CLANG_WARN_ENUM_CONVERSION = YES;
				CLANG_WARN_INFINITE_RECURSION = YES;
				CLANG_WARN_INT_CONVERSION = YES;
				CLANG_WARN_NON_LITERAL_NULL_CONVERSION = YES;
				CLANG_WARN_OBJC_IMPLICIT_RETAIN_SELF = YES;
				CLANG_WARN_OBJC_LITERAL_CONVERSION = YES;
				CLANG_WARN_OBJC_ROOT_CLASS = YES_ERROR;
				CLANG_WARN_RANGE_LOOP_ANALYSIS = YES;
				CLANG_WARN_STRICT_PROTOTYPES = YES;
				CLANG_WARN_SUSPICIOUS_MOVE = YES;
				CLANG_WARN_UNGUARDED_AVAILABILITY = YES_AGGRESSIVE;
				CLANG_WARN_UNREACHABLE_CODE = YES;
				CLANG_WARN__DUPLICATE_METHOD_MATCH = YES;
				CODE_SIGN_IDENTITY = "iPhone Developer";
				COPY_PHASE_STRIP = NO;
				DEBUG_INFORMATION_FORMAT = "dwarf-with-dsym";
				ENABLE_NS_ASSERTIONS = NO;
				ENABLE_STRICT_OBJC_MSGSEND = YES;
				GCC_C_LANGUAGE_STANDARD = gnu11;
				GCC_NO_COMMON_BLOCKS = YES;
				GCC_WARN_64_TO_32_BIT_CONVERSION = YES;
				GCC_WARN_ABOUT_RETURN_TYPE = YES_ERROR;
				GCC_WARN_UNDECLARED_SELECTOR = YES;
				GCC_WARN_UNINITIALIZED_AUTOS = YES_AGGRESSIVE;
				GCC_WARN_UNUSED_FUNCTION = YES;
				GCC_WARN_UNUSED_VARIABLE = YES;
				IPHONEOS_DEPLOYMENT_TARGET = 11.4;
				MTL_ENABLE_DEBUG_INFO = NO;
				SDKROOT = iphoneos;
				SWIFT_COMPILATION_MODE = wholemodule;
				SWIFT_OPTIMIZATION_LEVEL = "-O";
				VALIDATE_PRODUCT = YES;
			};
			name = Release;
		};
		76E25AAA215EACCB00E130B3 /* Debug */ = {
			isa = XCBuildConfiguration;
			baseConfigurationReference = EDCBCAA1D12501CFEFCDE0E3 /* Pods-FlurryCoreAnalyticsSampleApp_Swift.debug.xcconfig */;
			buildSettings = {
				ASSETCATALOG_COMPILER_APPICON_NAME = AppIcon;
				CODE_SIGN_STYLE = Automatic;
				DEVELOPMENT_TEAM = S6JSG6FHB3;
				INFOPLIST_FILE = FlurryCoreAnalyticsSampleApp_Swift/Info.plist;
				IPHONEOS_DEPLOYMENT_TARGET = 9.0;
				LD_RUNPATH_SEARCH_PATHS = (
					"$(inherited)",
					"@executable_path/Frameworks",
				);
				PRODUCT_BUNDLE_IDENTIFIER = "com.flurry.FlurryCoreAnalyticsSampleApp-Swift";
				PRODUCT_NAME = "$(TARGET_NAME)";
				SWIFT_VERSION = 4.0;
				TARGETED_DEVICE_FAMILY = "1,2";
			};
			name = Debug;
		};
		76E25AAB215EACCB00E130B3 /* Release */ = {
			isa = XCBuildConfiguration;
			baseConfigurationReference = EC677087B650B4349859C38E /* Pods-FlurryCoreAnalyticsSampleApp_Swift.release.xcconfig */;
			buildSettings = {
				ASSETCATALOG_COMPILER_APPICON_NAME = AppIcon;
				CODE_SIGN_STYLE = Automatic;
				DEVELOPMENT_TEAM = S6JSG6FHB3;
				INFOPLIST_FILE = FlurryCoreAnalyticsSampleApp_Swift/Info.plist;
				IPHONEOS_DEPLOYMENT_TARGET = 9.0;
				LD_RUNPATH_SEARCH_PATHS = (
					"$(inherited)",
					"@executable_path/Frameworks",
				);
				PRODUCT_BUNDLE_IDENTIFIER = "com.flurry.FlurryCoreAnalyticsSampleApp-Swift";
				PRODUCT_NAME = "$(TARGET_NAME)";
				SWIFT_VERSION = 4.0;
				TARGETED_DEVICE_FAMILY = "1,2";
			};
			name = Release;
		};
/* End XCBuildConfiguration section */

/* Begin XCConfigurationList section */
		76E25A92215EACCA00E130B3 /* Build configuration list for PBXProject "FlurryCoreAnalyticsSampleApp_Swift" */ = {
			isa = XCConfigurationList;
			buildConfigurations = (
				76E25AA7215EACCB00E130B3 /* Debug */,
				76E25AA8215EACCB00E130B3 /* Release */,
			);
			defaultConfigurationIsVisible = 0;
			defaultConfigurationName = Release;
		};
		76E25AA9215EACCB00E130B3 /* Build configuration list for PBXNativeTarget "FlurryCoreAnalyticsSampleApp_Swift" */ = {
			isa = XCConfigurationList;
			buildConfigurations = (
				76E25AAA215EACCB00E130B3 /* Debug */,
				76E25AAB215EACCB00E130B3 /* Release */,
			);
			defaultConfigurationIsVisible = 0;
			defaultConfigurationName = Release;
		};
/* End XCConfigurationList section */
	};
	rootObject = 76E25A8F215EACCA00E130B3 /* Project object */;
}
